{
  "pins" : [
    {
      "identity" : "wg-go-apple",
      "kind" : "remoteSourceControl",
      "location" : "https://github.com/passepartoutvpn/wg-go-apple",
      "state" : {
        "revision" : "860e82efaf261da37483a5f51555be83e5a79ad3",
        "version" : "0.0.20240714"
      }
    }
  ],
  "version" : 2
}
